<?xml version="1.0" encoding="utf-8"?>
<Project ToolsVersion="4.0" xmlns="http://schemas.microsoft.com/developer/msbuild/2003">
  <ItemGroup>
    <Filter Include="Source Files">
      <UniqueIdentifier>{4FC737F1-C7A5-4376-A066-2A32D752A2FF}</UniqueIdentifier>
      <Extensions>cpp;c;cc;cxx;c++;cppm;ixx;def;odl;idl;hpj;bat;asm;asmx</Extensions>
    </Filter>
    <Filter Include="Header Files">
      <UniqueIdentifier>{93995380-89BD-4b04-88EB-625FBE52EBFB}</UniqueIdentifier>
      <Extensions>h;hh;hpp;hxx;h++;hm;inl;inc;ipp;xsd</Extensions>
    </Filter>
    <Filter Include="Resource Files">
      <UniqueIdentifier>{67DA6AB6-F800-4c08-8B7A-83BB121AAD01}</UniqueIdentifier>
      <Extensions>rc;ico;cur;bmp;dlg;rc2;rct;bin;rgs;gif;jpg;jpeg;jpe;resx;tiff;tif;png;wav;mfcribbon-ms</Extensions>
    </Filter>
  </ItemGroup>
  <ItemGroup>
    <ClInclude Include="src\Tavle\COM\Helpers.h">
      <Filter>Header Files</Filter>
    </ClInclude>
    <ClInclude Include="src\Tavle\BaseWindow.h">
      <Filter>Header Files</Filter>
    </ClInclude>
    <ClInclude Include="src\Tavle\include.h">
      <Filter>Header Files</Filter>
    </ClInclude>
    <ClInclude Include="src\Tavle\TavleInclude.h">
      <Filter>Header Files</Filter>
    </ClInclude>
    <ClInclude Include="src\Tavle\TavleDefs.h">
      <Filter>Header Files</Filter>
    </ClInclude>
    <ClInclude Include="src\Tavle\Application.h">
      <Filter>Header Files</Filter>
    </ClInclude>
    <ClInclude Include="src\Tavle\LookupTable.h">
      <Filter>Header Files</Filter>
    </ClInclude>
    <ClInclude Include="src\Tavle\Modules\GraphicsModule\GraphicsModule.h">
      <Filter>Header Files</Filter>
    </ClInclude>
    <ClInclude Include="src\Tavle\FileManager.h">
      <Filter>Header Files</Filter>
    </ClInclude>
    <ClInclude Include="src\Tavle\Modules\TextInputModule.h">
      <Filter>Header Files</Filter>
    </ClInclude>
    <ClInclude Include="src\Tavle\Modules\GraphicsModule\Paintable\Paintable.h">
      <Filter>Header Files</Filter>
    </ClInclude>
    <ClInclude Include="src\Tavle\Modules\GraphicsModule\include.h">
      <Filter>Header Files</Filter>
    </ClInclude>
    <ClInclude Include="src\Tavle\Modules\include.h">
      <Filter>Header Files</Filter>
    </ClInclude>
    <ClInclude Include="src\Tavle\Modules\ExitModule.h">
      <Filter>Header Files</Filter>
    </ClInclude>
    <ClInclude Include="src\Tavle\Modules\SaveFileModule.h">
      <Filter>Header Files</Filter>
    </ClInclude>
    <ClInclude Include="src\Tavle\Modules\GraphicsModule\CustomTextRenderer.h">
      <Filter>Header Files</Filter>
    </ClInclude>
    <ClInclude Include="src\Tavle\Modules\GraphicsModule\InlineCursor.h">
      <Filter>Header Files</Filter>
    </ClInclude>
    <ClInclude Include="src\Tavle\Modules\GraphicsModule\Paintable\LinkedListText.h">
      <Filter>Header Files</Filter>
    </ClInclude>
    <ClInclude Include="src\Tavle\Modules\GraphicsModule\Paintable\Scene.h">
      <Filter>Header Files</Filter>
    </ClInclude>
    <ClInclude Include="src\Tavle\Modules\GraphicsModule\Paintable\WatchBackground.h">
      <Filter>Header Files</Filter>
    </ClInclude>
    <ClInclude Include="src\Tavle\Modules\GraphicsModule\Paintable\Clear.h">
      <Filter>Header Files</Filter>
    </ClInclude>
    <ClInclude Include="src\Tavle\Modules\GraphicsModule\Paintable\include.h">
      <Filter>Header Files</Filter>
    </ClInclude>
    <ClInclude Include="src\Tavle\Modules\GraphicsModule\Paintable\BaseText.h">
      <Filter>Header Files</Filter>
    </ClInclude>
    <ClInclude Include="src\Tavle\Modules\GraphicsModule\Paintable\SimpleText.h">
      <Filter>Header Files</Filter>
    </ClInclude>
    <ClInclude Include="src\Tavle\Modules\GraphicsModule\Paintable\FpsCounter.h">
      <Filter>Header Files</Filter>
    </ClInclude>
  </ItemGroup>
  <ItemGroup>
    <ClCompile Include="src\Tavle\src.cpp">
      <Filter>Source Files</Filter>
    </ClCompile>
    <ClCompile Include="src\Tavle\FileManager.cpp">
      <Filter>Source Files</Filter>
    </ClCompile>
    <ClCompile Include="src\Tavle\Modules\GraphicsModule\GraphicsModule.cpp">
      <Filter>Source Files</Filter>
    </ClCompile>
    <ClCompile Include="src\Tavle\Modules\GraphicsModule\CustomTextRenderer.cpp">
      <Filter>Source Files</Filter>
    </ClCompile>
    <ClCompile Include="src\Tavle\Modules\GraphicsModule\InlineCursor.cpp">
      <Filter>Source Files</Filter>
    </ClCompile>
    <ClCompile Include="src\Tavle\Modules\GraphicsModule\Paintable\Scene.cpp">
      <Filter>Source Files</Filter>
    </ClCompile>
    <ClCompile Include="src\Tavle\Modules\GraphicsModule\Paintable\WatchBackground.cpp">
      <Filter>Source Files</Filter>
    </ClCompile>
    <ClCompile Include="src\Tavle\Modules\GraphicsModule\Paintable\Paintable.cpp">
      <Filter>Source Files</Filter>
    </ClCompile>
    <ClCompile Include="src\Tavle\Modules\GraphicsModule\Paintable\Clear.cpp">
      <Filter>Source Files</Filter>
    </ClCompile>
    <ClCompile Include="src\Tavle\Modules\GraphicsModule\Paintable\LinkedListText.cpp">
      <Filter>Source Files</Filter>
    </ClCompile>
    <ClCompile Include="src\Tavle\Modules\GraphicsModule\Paintable\BaseText.cpp">
      <Filter>Source Files</Filter>
    </ClCompile>
    <ClCompile Include="src\Tavle\Modules\GraphicsModule\Paintable\SimpleText.cpp">
      <Filter>Source Files</Filter>
    </ClCompile>
  </ItemGroup>
</Project>